
Microsoft Visual Studio Solution File, Format Version 12.00
# Visual Studio Version 17
VisualStudioVersion = 17.7.34031.279
MinimumVisualStudioVersion = 10.0.40219.1
Project("{FAE04EC0-301F-11D3-BF4B-00C04F79EFBC}") = "Pilac#", "Pilac#\Pilac#.csproj", "{429B5012-6C3A-45FF-BB27-796613AEA9FD}"
EndProject
Global
	GlobalSection(SolutionConfigurationPlatforms) = preSolution
		Debug|Any CPU = Debug|Any CPU
		Release|Any CPU = Release|Any CPU
	EndGlobalSection
	GlobalSection(ProjectConfigurationPlatforms) = postSolution
		{429B5012-6C3A-45FF-BB27-796613AEA9FD}.Debug|Any CPU.ActiveCfg = Debug|Any CPU
		{429B5012-6C3A-45FF-BB27-796613AEA9FD}.Debug|Any CPU.Build.0 = Debug|Any CPU
		{429B5012-6C3A-45FF-BB27-796613AEA9FD}.Release|Any CPU.ActiveCfg = Release|Any CPU
		{429B5012-6C3A-45FF-BB27-796613AEA9FD}.Release|Any CPU.Build.0 = Release|Any CPU
	EndGlobalSection
	GlobalSection(SolutionProperties) = preSolution
		HideSolutionNode = FALSE
	EndGlobalSection
	GlobalSection(ExtensibilityGlobals) = postSolution
		SolutionGuid = {A32C10D5-E90D-4C8B-90D6-E6DA8823726C}
	EndGlobalSection
EndGlobal
